// !$*UTF8*$!
{
	archiveVersion = 1;
	classes = {
	};
	objectVersion = 56;
	objects = {

/* Begin PBXBuildFile section */
		EB03C5FF293CFA9200CAED3C /* OnboardingView.swift in Sources */ = {isa = PBXBuildFile; fileRef = EB03C5FE293CFA9200CAED3C /* OnboardingView.swift */; };
		EB03C601293CFAEF00CAED3C /* HomePageView.swift in Sources */ = {isa = PBXBuildFile; fileRef = EB03C600293CFAEF00CAED3C /* HomePageView.swift */; };
		EB03C605293CFB2200CAED3C /* ColoredButton.swift in Sources */ = {isa = PBXBuildFile; fileRef = EB03C604293CFB2200CAED3C /* ColoredButton.swift */; };
		EB03C609293D017D00CAED3C /* UserData.swift in Sources */ = {isa = PBXBuildFile; fileRef = EB03C608293D017D00CAED3C /* UserData.swift */; };
		EBB8B76D2937CDE700303BE7 /* gracyannas Watch App.app in Embed Watch Content */ = {isa = PBXBuildFile; fileRef = EBB8B76C2937CDE700303BE7 /* gracyannas Watch App.app */; settings = {ATTRIBUTES = (RemoveHeadersOnCopy, ); }; };
		EBB8B7722937CDE700303BE7 /* gracyannasApp.swift in Sources */ = {isa = PBXBuildFile; fileRef = EBB8B7712937CDE700303BE7 /* gracyannasApp.swift */; };
		EBB8B7762937CDE800303BE7 /* Assets.xcassets in Resources */ = {isa = PBXBuildFile; fileRef = EBB8B7752937CDE800303BE7 /* Assets.xcassets */; };
		EBB8B7792937CDE800303BE7 /* Preview Assets.xcassets in Resources */ = {isa = PBXBuildFile; fileRef = EBB8B7782937CDE800303BE7 /* Preview Assets.xcassets */; };
/* End PBXBuildFile section */

/* Begin PBXContainerItemProxy section */
		EBB8B76E2937CDE700303BE7 /* PBXContainerItemProxy */ = {
			isa = PBXContainerItemProxy;
			containerPortal = EBB8B7602937CDE700303BE7 /* Project object */;
			proxyType = 1;
			remoteGlobalIDString = EBB8B76B2937CDE700303BE7;
			remoteInfo = "gracyannas Watch App";
		};
/* End PBXContainerItemProxy section */

/* Begin PBXCopyFilesBuildPhase section */
		EBB8B77F2937CDE800303BE7 /* Embed Watch Content */ = {
			isa = PBXCopyFilesBuildPhase;
			buildActionMask = 2147483647;
			dstPath = "$(CONTENTS_FOLDER_PATH)/Watch";
			dstSubfolderSpec = 16;
			files = (
				EBB8B76D2937CDE700303BE7 /* gracyannas Watch App.app in Embed Watch Content */,
			);
			name = "Embed Watch Content";
			runOnlyForDeploymentPostprocessing = 0;
		};
/* End PBXCopyFilesBuildPhase section */

/* Begin PBXFileReference section */
		EB03C5FE293CFA9200CAED3C /* OnboardingView.swift */ = {isa = PBXFileReference; lastKnownFileType = sourcecode.swift; path = OnboardingView.swift; sourceTree = "<group>"; };
		EB03C600293CFAEF00CAED3C /* HomePageView.swift */ = {isa = PBXFileReference; lastKnownFileType = sourcecode.swift; path = HomePageView.swift; sourceTree = "<group>"; };
		EB03C604293CFB2200CAED3C /* ColoredButton.swift */ = {isa = PBXFileReference; lastKnownFileType = sourcecode.swift; path = ColoredButton.swift; sourceTree = "<group>"; };
		EB03C608293D017D00CAED3C /* UserData.swift */ = {isa = PBXFileReference; fileEncoding = 4; lastKnownFileType = sourcecode.swift; path = UserData.swift; sourceTree = "<group>"; };
		EBB8B7662937CDE700303BE7 /* gracyannas.app */ = {isa = PBXFileReference; explicitFileType = wrapper.application; includeInIndex = 0; path = gracyannas.app; sourceTree = BUILT_PRODUCTS_DIR; };
		EBB8B76C2937CDE700303BE7 /* gracyannas Watch App.app */ = {isa = PBXFileReference; explicitFileType = wrapper.application; includeInIndex = 0; path = "gracyannas Watch App.app"; sourceTree = BUILT_PRODUCTS_DIR; };
		EBB8B7712937CDE700303BE7 /* gracyannasApp.swift */ = {isa = PBXFileReference; lastKnownFileType = sourcecode.swift; path = gracyannasApp.swift; sourceTree = "<group>"; };
		EBB8B7752937CDE800303BE7 /* Assets.xcassets */ = {isa = PBXFileReference; lastKnownFileType = folder.assetcatalog; path = Assets.xcassets; sourceTree = "<group>"; };
		EBB8B7782937CDE800303BE7 /* Preview Assets.xcassets */ = {isa = PBXFileReference; lastKnownFileType = folder.assetcatalog; path = "Preview Assets.xcassets"; sourceTree = "<group>"; };
/* End PBXFileReference section */

/* Begin PBXFrameworksBuildPhase section */
		EBB8B7692937CDE700303BE7 /* Frameworks */ = {
			isa = PBXFrameworksBuildPhase;
			buildActionMask = 2147483647;
			files = (
			);
			runOnlyForDeploymentPostprocessing = 0;
		};
/* End PBXFrameworksBuildPhase section */

/* Begin PBXGroup section */
		EBB8B75F2937CDE700303BE7 = {
			isa = PBXGroup;
			children = (
				EBB8B7702937CDE700303BE7 /* gracyannas Watch App */,
				EBB8B7672937CDE700303BE7 /* Products */,
			);
			sourceTree = "<group>";
		};
		EBB8B7672937CDE700303BE7 /* Products */ = {
			isa = PBXGroup;
			children = (
				EBB8B7662937CDE700303BE7 /* gracyannas.app */,
				EBB8B76C2937CDE700303BE7 /* gracyannas Watch App.app */,
			);
			name = Products;
			sourceTree = "<group>";
		};
		EBB8B7702937CDE700303BE7 /* gracyannas Watch App */ = {
			isa = PBXGroup;
			children = (
				EBB8B7712937CDE700303BE7 /* gracyannasApp.swift */,
				EB03C604293CFB2200CAED3C /* ColoredButton.swift */,
				EB03C600293CFAEF00CAED3C /* HomePageView.swift */,
				EB03C5FE293CFA9200CAED3C /* OnboardingView.swift */,
				EB03C608293D017D00CAED3C /* UserData.swift */,
				EBB8B7752937CDE800303BE7 /* Assets.xcassets */,
				EBB8B7772937CDE800303BE7 /* Preview Content */,
			);
			path = "gracyannas Watch App";
			sourceTree = "<group>";
		};
		EBB8B7772937CDE800303BE7 /* Preview Content */ = {
			isa = PBXGroup;
			children = (
				EBB8B7782937CDE800303BE7 /* Preview Assets.xcassets */,
			);
			path = "Preview Content";
			sourceTree = "<group>";
		};
/* End PBXGroup section */

/* Begin PBXNativeTarget section */
		EBB8B7652937CDE700303BE7 /* gracyannas */ = {
			isa = PBXNativeTarget;
			buildConfigurationList = EBB8B7802937CDE800303BE7 /* Build configuration list for PBXNativeTarget "gracyannas" */;
			buildPhases = (
				EBB8B7642937CDE700303BE7 /* Resources */,
				EBB8B77F2937CDE800303BE7 /* Embed Watch Content */,
			);
			buildRules = (
			);
			dependencies = (
				EBB8B76F2937CDE700303BE7 /* PBXTargetDependency */,
			);
			name = gracyannas;
			productName = gracyannas;
			productReference = EBB8B7662937CDE700303BE7 /* gracyannas.app */;
			productType = "com.apple.product-type.application.watchapp2-container";
		};
		EBB8B76B2937CDE700303BE7 /* gracyannas Watch App */ = {
			isa = PBXNativeTarget;
			buildConfigurationList = EBB8B77C2937CDE800303BE7 /* Build configuration list for PBXNativeTarget "gracyannas Watch App" */;
			buildPhases = (
				EBB8B7682937CDE700303BE7 /* Sources */,
				EBB8B7692937CDE700303BE7 /* Frameworks */,
				EBB8B76A2937CDE700303BE7 /* Resources */,
			);
			buildRules = (
			);
			dependencies = (
			);
			name = "gracyannas Watch App";
			productName = "gracyannas Watch App";
			productReference = EBB8B76C2937CDE700303BE7 /* gracyannas Watch App.app */;
			productType = "com.apple.product-type.application";
		};
/* End PBXNativeTarget section */

/* Begin PBXProject section */
		EBB8B7602937CDE700303BE7 /* Project object */ = {
			isa = PBXProject;
			attributes = {
				BuildIndependentTargetsInParallel = 1;
				LastSwiftUpdateCheck = 1400;
				LastUpgradeCheck = 1400;
				TargetAttributes = {
					EBB8B7652937CDE700303BE7 = {
						CreatedOnToolsVersion = 14.0;
					};
					EBB8B76B2937CDE700303BE7 = {
						CreatedOnToolsVersion = 14.0;
					};
				};
			};
			buildConfigurationList = EBB8B7632937CDE700303BE7 /* Build configuration list for PBXProject "gracyannas" */;
			compatibilityVersion = "Xcode 14.0";
			developmentRegion = en;
			hasScannedForEncodings = 0;
			knownRegions = (
				en,
				Base,
			);
			mainGroup = EBB8B75F2937CDE700303BE7;
			productRefGroup = EBB8B7672937CDE700303BE7 /* Products */;
			projectDirPath = "";
			projectRoot = "";
			targets = (
				EBB8B7652937CDE700303BE7 /* gracyannas */,
				EBB8B76B2937CDE700303BE7 /* gracyannas Watch App */,
			);
		};
/* End PBXProject section */

/* Begin PBXResourcesBuildPhase section */
		EBB8B7642937CDE700303BE7 /* Resources */ = {
			isa = PBXResourcesBuildPhase;
			buildActionMask = 2147483647;
			files = (
			);
			runOnlyForDeploymentPostprocessing = 0;
		};
		EBB8B76A2937CDE700303BE7 /* Resources */ = {
			isa = PBXResourcesBuildPhase;
			buildActionMask = 2147483647;
			files = (
				EBB8B7792937CDE800303BE7 /* Preview Assets.xcassets in Resources */,
				EBB8B7762937CDE800303BE7 /* Assets.xcassets in Resources */,
			);
			runOnlyForDeploymentPostprocessing = 0;
		};
/* End PBXResourcesBuildPhase section */

/* Begin PBXSourcesBuildPhase section */
		EBB8B7682937CDE700303BE7 /* Sources */ = {
			isa = PBXSourcesBuildPhase;
			buildActionMask = 2147483647;
			files = (
				EB03C609293D017D00CAED3C /* UserData.swift in Sources */,
				EB03C605293CFB2200CAED3C /* ColoredButton.swift in Sources */,
				EB03C5FF293CFA9200CAED3C /* OnboardingView.swift in Sources */,
				EBB8B7722937CDE700303BE7 /* gracyannasApp.swift in Sources */,
				EB03C601293CFAEF00CAED3C /* HomePageView.swift in Sources */,
			);
			runOnlyForDeploymentPostprocessing = 0;
		};
/* End PBXSourcesBuildPhase section */

/* Begin PBXTargetDependency section */
		EBB8B76F2937CDE700303BE7 /* PBXTargetDependency */ = {
			isa = PBXTargetDependency;
			target = EBB8B76B2937CDE700303BE7 /* gracyannas Watch App */;
			targetProxy = EBB8B76E2937CDE700303BE7 /* PBXContainerItemProxy */;
		};
/* End PBXTargetDependency section */

/* Begin XCBuildConfiguration section */
		EBB8B77A2937CDE800303BE7 /* Debug */ = {
			isa = XCBuildConfiguration;
			buildSettings = {
				ALWAYS_SEARCH_USER_PATHS = NO;
				CLANG_ANALYZER_NONNULL = YES;
				CLANG_ANALYZER_NUMBER_OBJECT_CONVERSION = YES_AGGRESSIVE;
				CLANG_CXX_LANGUAGE_STANDARD = "gnu++20";
				CLANG_ENABLE_MODULES = YES;
				CLANG_ENABLE_OBJC_ARC = YES;
				CLANG_ENABLE_OBJC_WEAK = YES;
				CLANG_WARN_BLOCK_CAPTURE_AUTORELEASING = YES;
				CLANG_WARN_BOOL_CONVERSION = YES;
				CLANG_WARN_COMMA = YES;
				CLANG_WARN_CONSTANT_CONVERSION = YES;
				CLANG_WARN_DEPRECATED_OBJC_IMPLEMENTATIONS = YES;
				CLANG_WARN_DIRECT_OBJC_ISA_USAGE = YES_ERROR;
				CLANG_WARN_DOCUMENTATION_COMMENTS = YES;
				CLANG_WARN_EMPTY_BODY = YES;
				CLANG_WARN_ENUM_CONVERSION = YES;
				CLANG_WARN_INFINITE_RECURSION = YES;
				CLANG_WARN_INT_CONVERSION = YES;
				CLANG_WARN_NON_LITERAL_NULL_CONVERSION = YES;
				CLANG_WARN_OBJC_IMPLICIT_RETAIN_SELF = YES;
				CLANG_WARN_OBJC_LITERAL_CONVERSION = YES;
				CLANG_WARN_OBJC_ROOT_CLASS = YES_ERROR;
				CLANG_WARN_QUOTED_INCLUDE_IN_FRAMEWORK_HEADER = YES;
				CLANG_WARN_RANGE_LOOP_ANALYSIS = YES;
				CLANG_WARN_STRICT_PROTOTYPES = YES;
				CLANG_WARN_SUSPICIOUS_MOVE = YES;
				CLANG_WARN_UNGUARDED_AVAILABILITY = YES_AGGRESSIVE;
				CLANG_WARN_UNREACHABLE_CODE = YES;
				CLANG_WARN__DUPLICATE_METHOD_MATCH = YES;
				COPY_PHASE_STRIP = NO;
				DEBUG_INFORMATION_FORMAT = dwarf;
				ENABLE_STRICT_OBJC_MSGSEND = YES;
				ENABLE_TESTABILITY = YES;
				GCC_C_LANGUAGE_STANDARD = gnu11;
				GCC_DYNAMIC_NO_PIC = NO;
				GCC_NO_COMMON_BLOCKS = YES;
				GCC_OPTIMIZATION_LEVEL = 0;
				GCC_PREPROCESSOR_DEFINITIONS = (
					"DEBUG=1",
					"$(inherited)",
				);
				GCC_WARN_64_TO_32_BIT_CONVERSION = YES;
				GCC_WARN_ABOUT_RETURN_TYPE = YES_ERROR;
				GCC_WARN_UNDECLARED_SELECTOR = YES;
				GCC_WARN_UNINITIALIZED_AUTOS = YES_AGGRESSIVE;
				GCC_WARN_UNUSED_FUNCTION = YES;
				GCC_WARN_UNUSED_VARIABLE = YES;
				MTL_ENABLE_DEBUG_INFO = INCLUDE_SOURCE;
				MTL_FAST_MATH = YES;
				ONLY_ACTIVE_ARCH = YES;
				SWIFT_ACTIVE_COMPILATION_CONDITIONS = DEBUG;
				SWIFT_OPTIMIZATION_LEVEL = "-Onone";
			};
			name = Debug;
		};
		EBB8B77B2937CDE800303BE7 /* Release */ = {
			isa = XCBuildConfiguration;
			buildSettings = {
				ALWAYS_SEARCH_USER_PATHS = NO;
				CLANG_ANALYZER_NONNULL = YES;
				CLANG_ANALYZER_NUMBER_OBJECT_CONVERSION = YES_AGGRESSIVE;
				CLANG_CXX_LANGUAGE_STANDARD = "gnu++20";
				CLANG_ENABLE_MODULES = YES;
				CLANG_ENABLE_OBJC_ARC = YES;
				CLANG_ENABLE_OBJC_WEAK = YES;
				CLANG_WARN_BLOCK_CAPTURE_AUTORELEASING = YES;
				CLANG_WARN_BOOL_CONVERSION = YES;
				CLANG_WARN_COMMA = YES;
				CLANG_WARN_CONSTANT_CONVERSION = YES;
				CLANG_WARN_DEPRECATED_OBJC_IMPLEMENTATIONS = YES;
				CLANG_WARN_DIRECT_OBJC_ISA_USAGE = YES_ERROR;
				CLANG_WARN_DOCUMENTATION_COMMENTS = YES;
				CLANG_WARN_EMPTY_BODY = YES;
				CLANG_WARN_ENUM_CONVERSION = YES;
				CLANG_WARN_INFINITE_RECURSION = YES;
				CLANG_WARN_INT_CONVERSION = YES;
				CLANG_WARN_NON_LITERAL_NULL_CONVERSION = YES;
				CLANG_WARN_OBJC_IMPLICIT_RETAIN_SELF = YES;
				CLANG_WARN_OBJC_LITERAL_CONVERSION = YES;
				CLANG_WARN_OBJC_ROOT_CLASS = YES_ERROR;
				CLANG_WARN_QUOTED_INCLUDE_IN_FRAMEWORK_HEADER = YES;
				CLANG_WARN_RANGE_LOOP_ANALYSIS = YES;
				CLANG_WARN_STRICT_PROTOTYPES = YES;
				CLANG_WARN_SUSPICIOUS_MOVE = YES;
				CLANG_WARN_UNGUARDED_AVAILABILITY = YES_AGGRESSIVE;
				CLANG_WARN_UNREACHABLE_CODE = YES;
				CLANG_WARN__DUPLICATE_METHOD_MATCH = YES;
				COPY_PHASE_STRIP = NO;
				DEBUG_INFORMATION_FORMAT = "dwarf-with-dsym";
				ENABLE_NS_ASSERTIONS = NO;
				ENABLE_STRICT_OBJC_MSGSEND = YES;
				GCC_C_LANGUAGE_STANDARD = gnu11;
				GCC_NO_COMMON_BLOCKS = YES;
				GCC_WARN_64_TO_32_BIT_CONVERSION = YES;
				GCC_WARN_ABOUT_RETURN_TYPE = YES_ERROR;
				GCC_WARN_UNDECLARED_SELECTOR = YES;
				GCC_WARN_UNINITIALIZED_AUTOS = YES_AGGRESSIVE;
				GCC_WARN_UNUSED_FUNCTION = YES;
				GCC_WARN_UNUSED_VARIABLE = YES;
				MTL_ENABLE_DEBUG_INFO = NO;
				MTL_FAST_MATH = YES;
				SWIFT_COMPILATION_MODE = wholemodule;
				SWIFT_OPTIMIZATION_LEVEL = "-O";
			};
			name = Release;
		};
		EBB8B77D2937CDE800303BE7 /* Debug */ = {
			isa = XCBuildConfiguration;
			buildSettings = {
				ASSETCATALOG_COMPILER_APPICON_NAME = AppIcon;
				ASSETCATALOG_COMPILER_GLOBAL_ACCENT_COLOR_NAME = AccentColor;
				CODE_SIGN_STYLE = Automatic;
				CURRENT_PROJECT_VERSION = 1;
				DEVELOPMENT_ASSET_PATHS = "\"gracyannas Watch App/Preview Content\"";
				DEVELOPMENT_TEAM = 9FWLTGWA8V;
				ENABLE_PREVIEWS = YES;
				GENERATE_INFOPLIST_FILE = YES;
				INFOPLIST_KEY_CFBundleDisplayName = gracyannas;
				INFOPLIST_KEY_UISupportedInterfaceOrientations = "UIInterfaceOrientationPortrait UIInterfaceOrientationPortraitUpsideDown";
				INFOPLIST_KEY_WKWatchOnly = YES;
				LD_RUNPATH_SEARCH_PATHS = (
					"$(inherited)",
					"@executable_path/Frameworks",
				);
				MARKETING_VERSION = 1.0;
				PRODUCT_BUNDLE_IDENTIFIER = br.challenge.catar.gracyannas.watchkitapp;
				PRODUCT_NAME = "$(TARGET_NAME)";
				SDKROOT = watchos;
				SKIP_INSTALL = YES;
				SWIFT_EMIT_LOC_STRINGS = YES;
				SWIFT_VERSION = 5.0;
				TARGETED_DEVICE_FAMILY = 4;
				WATCHOS_DEPLOYMENT_TARGET = 9.0;
			};
			name = Debug;
		};
		EBB8B77E2937CDE800303BE7 /* Release */ = {
			isa = XCBuildConfiguration;
			buildSettings = {
				ASSETCATALOG_COMPILER_APPICON_NAME = AppIcon;
				ASSETCATALOG_COMPILER_GLOBAL_ACCENT_COLOR_NAME = AccentColor;
				CODE_SIGN_STYLE = Automatic;
				CURRENT_PROJECT_VERSION = 1;
				DEVELOPMENT_ASSET_PATHS = "\"gracyannas Watch App/Preview Content\"";
				DEVELOPMENT_TEAM = 9FWLTGWA8V;
				ENABLE_PREVIEWS = YES;
				GENERATE_INFOPLIST_FILE = YES;
				INFOPLIST_KEY_CFBundleDisplayName = gracyannas;
				INFOPLIST_KEY_UISupportedInterfaceOrientations = "UIInterfaceOrientationPortrait UIInterfaceOrientationPortraitUpsideDown";
				INFOPLIST_KEY_WKWatchOnly = YES;
				LD_RUNPATH_SEARCH_PATHS = (
					"$(inherited)",
					"@executable_path/Frameworks",
				);
				MARKETING_VERSION = 1.0;
				PRODUCT_BUNDLE_IDENTIFIER = br.challenge.catar.gracyannas.watchkitapp;
				PRODUCT_NAME = "$(TARGET_NAME)";
				SDKROOT = watchos;
				SKIP_INSTALL = YES;
				SWIFT_EMIT_LOC_STRINGS = YES;
				SWIFT_VERSION = 5.0;
				TARGETED_DEVICE_FAMILY = 4;
				VALIDATE_PRODUCT = YES;
				WATCHOS_DEPLOYMENT_TARGET = 9.0;
			};
			name = Release;
		};
		EBB8B7812937CDE800303BE7 /* Debug */ = {
			isa = XCBuildConfiguration;
			buildSettings = {
				ALWAYS_EMBED_SWIFT_STANDARD_LIBRARIES = YES;
				CODE_SIGN_STYLE = Automatic;
				CURRENT_PROJECT_VERSION = 1;
				DEVELOPMENT_TEAM = 9FWLTGWA8V;
				INFOPLIST_KEY_CFBundleDisplayName = gracyannas;
				MARKETING_VERSION = 1.0;
				PRODUCT_BUNDLE_IDENTIFIER = br.challenge.catar.gracyannas;
				PRODUCT_NAME = "$(TARGET_NAME)";
				SDKROOT = iphoneos;
				SWIFT_VERSION = 5.0;
			};
			name = Debug;
		};
		EBB8B7822937CDE800303BE7 /* Release */ = {
			isa = XCBuildConfiguration;
			buildSettings = {
				ALWAYS_EMBED_SWIFT_STANDARD_LIBRARIES = YES;
				CODE_SIGN_STYLE = Automatic;
				CURRENT_PROJECT_VERSION = 1;
				DEVELOPMENT_TEAM = 9FWLTGWA8V;
				INFOPLIST_KEY_CFBundleDisplayName = gracyannas;
				MARKETING_VERSION = 1.0;
				PRODUCT_BUNDLE_IDENTIFIER = br.challenge.catar.gracyannas;
				PRODUCT_NAME = "$(TARGET_NAME)";
				SDKROOT = iphoneos;
				SWIFT_VERSION = 5.0;
				VALIDATE_PRODUCT = YES;
			};
			name = Release;
		};
/* End XCBuildConfiguration section */

/* Begin XCConfigurationList section */
		EBB8B7632937CDE700303BE7 /* Build configuration list for PBXProject "gracyannas" */ = {
			isa = XCConfigurationList;
			buildConfigurations = (
				EBB8B77A2937CDE800303BE7 /* Debug */,
				EBB8B77B2937CDE800303BE7 /* Release */,
			);
			defaultConfigurationIsVisible = 0;
			defaultConfigurationName = Release;
		};
		EBB8B77C2937CDE800303BE7 /* Build configuration list for PBXNativeTarget "gracyannas Watch App" */ = {
			isa = XCConfigurationList;
			buildConfigurations = (
				EBB8B77D2937CDE800303BE7 /* Debug */,
				EBB8B77E2937CDE800303BE7 /* Release */,
			);
			defaultConfigurationIsVisible = 0;
			defaultConfigurationName = Release;
		};
		EBB8B7802937CDE800303BE7 /* Build configuration list for PBXNativeTarget "gracyannas" */ = {
			isa = XCConfigurationList;
			buildConfigurations = (
				EBB8B7812937CDE800303BE7 /* Debug */,
				EBB8B7822937CDE800303BE7 /* Release */,
			);
			defaultConfigurationIsVisible = 0;
			defaultConfigurationName = Release;
		};
/* End XCConfigurationList section */
	};
	rootObject = EBB8B7602937CDE700303BE7 /* Project object */;
}
